
Microsoft Visual Studio Solution File, Format Version 12.00
# Visual Studio Version 17
VisualStudioVersion = 17.9.34728.123
MinimumVisualStudioVersion = 10.0.40219.1
Project("{FAE04EC0-301F-11D3-BF4B-00C04F79EFBC}") = "CodePulse.API", "CodePulse.API\CodePulse.API.csproj", "{C275D933-11C4-4628-ABE1-9484F8E85641}"
EndProject
Global
	GlobalSection(SolutionConfigurationPlatforms) = preSolution
		Debug|Any CPU = Debug|Any CPU
		Release|Any CPU = Release|Any CPU
	EndGlobalSection
	GlobalSection(ProjectConfigurationPlatforms) = postSolution
		{C275D933-11C4-4628-ABE1-9484F8E85641}.Debug|Any CPU.ActiveCfg = Debug|Any CPU
		{C275D933-11C4-4628-ABE1-9484F8E85641}.Debug|Any CPU.Build.0 = Debug|Any CPU
		{C275D933-11C4-4628-ABE1-9484F8E85641}.Release|Any CPU.ActiveCfg = Release|Any CPU
		{C275D933-11C4-4628-ABE1-9484F8E85641}.Release|Any CPU.Build.0 = Release|Any CPU
	EndGlobalSection
	GlobalSection(SolutionProperties) = preSolution
		HideSolutionNode = FALSE
	EndGlobalSection
	GlobalSection(ExtensibilityGlobals) = postSolution
		SolutionGuid = {8775B179-3256-4335-B417-A004C8FC2E15}
	EndGlobalSection
EndGlobal
